
Microsoft Visual Studio Solution File, Format Version 12.00
# Visual Studio Version 17
VisualStudioVersion = 17.3.32922.545
MinimumVisualStudioVersion = 10.0.40219.1
Project("{FAE04EC0-301F-11D3-BF4B-00C04F79EFBC}") = "WpfApp3", "WpfApp3\WpfApp3.csproj", "{6B293252-9776-47B1-B0DB-ACF0F79BB73A}"
EndProject
Global
	GlobalSection(SolutionConfigurationPlatforms) = preSolution
		Debug|Any CPU = Debug|Any CPU
		Release|Any CPU = Release|Any CPU
	EndGlobalSection
	GlobalSection(ProjectConfigurationPlatforms) = postSolution
		{6B293252-9776-47B1-B0DB-ACF0F79BB73A}.Debug|Any CPU.ActiveCfg = Debug|Any CPU
		{6B293252-9776-47B1-B0DB-ACF0F79BB73A}.Debug|Any CPU.Build.0 = Debug|Any CPU
		{6B293252-9776-47B1-B0DB-ACF0F79BB73A}.Release|Any CPU.ActiveCfg = Release|Any CPU
		{6B293252-9776-47B1-B0DB-ACF0F79BB73A}.Release|Any CPU.Build.0 = Release|Any CPU
	EndGlobalSection
	GlobalSection(SolutionProperties) = preSolution
		HideSolutionNode = FALSE
	EndGlobalSection
	GlobalSection(ExtensibilityGlobals) = postSolution
		SolutionGuid = {9CB6A73C-6EFD-4558-B0AC-27939B92564A}
	EndGlobalSection
EndGlobal
